
Microsoft Visual Studio Solution File, Format Version 12.00
# Visual Studio Version 16
VisualStudioVersion = 16.0.29926.136
MinimumVisualStudioVersion = 10.0.40219.1
Project("{9A19103F-16F7-4668-BE54-9A1E7A4F7556}") = "ApiCatalogo", "ApiCatalogo\ApiCatalogo.csproj", "{922DAF95-D5B8-4354-80F3-2B729546E7E1}"
EndProject
Project("{FAE04EC0-301F-11D3-BF4B-00C04F79EFBC}") = "ApiCatalogoxUnitTests", "ApiCatalogoxUnitTests\ApiCatalogoxUnitTests.csproj", "{A6A1AE92-5979-445B-BCE5-4C9E6155E8C4}"
EndProject
Global
	GlobalSection(SolutionConfigurationPlatforms) = preSolution
		Debug|Any CPU = Debug|Any CPU
		Release|Any CPU = Release|Any CPU
	EndGlobalSection
	GlobalSection(ProjectConfigurationPlatforms) = postSolution
		{922DAF95-D5B8-4354-80F3-2B729546E7E1}.Debug|Any CPU.ActiveCfg = Debug|Any CPU
		{922DAF95-D5B8-4354-80F3-2B729546E7E1}.Debug|Any CPU.Build.0 = Debug|Any CPU
		{922DAF95-D5B8-4354-80F3-2B729546E7E1}.Release|Any CPU.ActiveCfg = Release|Any CPU
		{922DAF95-D5B8-4354-80F3-2B729546E7E1}.Release|Any CPU.Build.0 = Release|Any CPU
		{A6A1AE92-5979-445B-BCE5-4C9E6155E8C4}.Debug|Any CPU.ActiveCfg = Debug|Any CPU
		{A6A1AE92-5979-445B-BCE5-4C9E6155E8C4}.Debug|Any CPU.Build.0 = Debug|Any CPU
		{A6A1AE92-5979-445B-BCE5-4C9E6155E8C4}.Release|Any CPU.ActiveCfg = Release|Any CPU
		{A6A1AE92-5979-445B-BCE5-4C9E6155E8C4}.Release|Any CPU.Build.0 = Release|Any CPU
	EndGlobalSection
	GlobalSection(SolutionProperties) = preSolution
		HideSolutionNode = FALSE
	EndGlobalSection
	GlobalSection(ExtensibilityGlobals) = postSolution
		SolutionGuid = {C74DED7D-1FD8-448E-8A46-A14E3545EE92}
	EndGlobalSection
EndGlobal
